// !$*UTF8*$!
{
	archiveVersion = 1;
	classes = {
	};
	objectVersion = 46;
	objects = {

/* Begin PBXBuildFile section */
		60F31E071C1E483B00976713 /* main.cpp in Sources */ = {isa = PBXBuildFile; fileRef = 60F31E061C1E483B00976713 /* main.cpp */; };
		60F31E0F1C1E48EC00976713 /* Toggles.cpp in Sources */ = {isa = PBXBuildFile; fileRef = 60F31E0E1C1E48EC00976713 /* Toggles.cpp */; };
		60F31E121C1E54B000976713 /* Toggle.cpp in Sources */ = {isa = PBXBuildFile; fileRef = 60F31E111C1E54B000976713 /* Toggle.cpp */; };
/* End PBXBuildFile section */

/* Begin PBXCopyFilesBuildPhase section */
		60F31E011C1E483B00976713 /* CopyFiles */ = {
			isa = PBXCopyFilesBuildPhase;
			buildActionMask = 2147483647;
			dstPath = /usr/share/man/man1/;
			dstSubfolderSpec = 0;
			files = (
			);
			runOnlyForDeploymentPostprocessing = 1;
		};
/* End PBXCopyFilesBuildPhase section */

/* Begin PBXFileReference section */
		60F31E031C1E483B00976713 /* textbook_search_engine */ = {isa = PBXFileReference; explicitFileType = "compiled.mach-o.executable"; includeInIndex = 0; path = textbook_search_engine; sourceTree = BUILT_PRODUCTS_DIR; };
		60F31E061C1E483B00976713 /* main.cpp */ = {isa = PBXFileReference; lastKnownFileType = sourcecode.cpp.cpp; path = main.cpp; sourceTree = "<group>"; };
		60F31E0D1C1E48E000976713 /* Toggles.h */ = {isa = PBXFileReference; fileEncoding = 4; lastKnownFileType = sourcecode.c.h; path = Toggles.h; sourceTree = "<group>"; };
		60F31E0E1C1E48EC00976713 /* Toggles.cpp */ = {isa = PBXFileReference; fileEncoding = 4; lastKnownFileType = sourcecode.cpp.cpp; path = Toggles.cpp; sourceTree = "<group>"; };
		60F31E101C1E54A800976713 /* Toggle.h */ = {isa = PBXFileReference; fileEncoding = 4; lastKnownFileType = sourcecode.c.h; path = Toggle.h; sourceTree = "<group>"; };
		60F31E111C1E54B000976713 /* Toggle.cpp */ = {isa = PBXFileReference; fileEncoding = 4; lastKnownFileType = sourcecode.cpp.cpp; path = Toggle.cpp; sourceTree = "<group>"; };
/* End PBXFileReference section */

/* Begin PBXFrameworksBuildPhase section */
		60F31E001C1E483B00976713 /* Frameworks */ = {
			isa = PBXFrameworksBuildPhase;
			buildActionMask = 2147483647;
			files = (
			);
			runOnlyForDeploymentPostprocessing = 0;
		};
/* End PBXFrameworksBuildPhase section */

/* Begin PBXGroup section */
		60F31DFA1C1E483B00976713 = {
			isa = PBXGroup;
			children = (
				60F31E051C1E483B00976713 /* textbook_search_engine */,
				60F31E041C1E483B00976713 /* Products */,
			);
			sourceTree = "<group>";
		};
		60F31E041C1E483B00976713 /* Products */ = {
			isa = PBXGroup;
			children = (
				60F31E031C1E483B00976713 /* textbook_search_engine */,
			);
			name = Products;
			sourceTree = "<group>";
		};
		60F31E051C1E483B00976713 /* textbook_search_engine */ = {
			isa = PBXGroup;
			children = (
				60F31E061C1E483B00976713 /* main.cpp */,
				60F31E101C1E54A800976713 /* Toggle.h */,
				60F31E111C1E54B000976713 /* Toggle.cpp */,
				60F31E0D1C1E48E000976713 /* Toggles.h */,
				60F31E0E1C1E48EC00976713 /* Toggles.cpp */,
			);
			path = textbook_search_engine;
			sourceTree = "<group>";
		};
/* End PBXGroup section */

/* Begin PBXNativeTarget section */
		60F31E021C1E483B00976713 /* textbook_search_engine */ = {
			isa = PBXNativeTarget;
			buildConfigurationList = 60F31E0A1C1E483B00976713 /* Build configuration list for PBXNativeTarget "textbook_search_engine" */;
			buildPhases = (
				60F31DFF1C1E483B00976713 /* Sources */,
				60F31E001C1E483B00976713 /* Frameworks */,
				60F31E011C1E483B00976713 /* CopyFiles */,
			);
			buildRules = (
			);
			dependencies = (
			);
			name = textbook_search_engine;
			productName = textbook_search_engine;
			productReference = 60F31E031C1E483B00976713 /* textbook_search_engine */;
			productType = "com.apple.product-type.tool";
		};
/* End PBXNativeTarget section */

/* Begin PBXProject section */
		60F31DFB1C1E483B00976713 /* Project object */ = {
			isa = PBXProject;
			attributes = {
				LastUpgradeCheck = 0720;
				ORGANIZATIONNAME = "Satoru Sasozaki";
				TargetAttributes = {
					60F31E021C1E483B00976713 = {
						CreatedOnToolsVersion = 7.2;
					};
				};
			};
			buildConfigurationList = 60F31DFE1C1E483B00976713 /* Build configuration list for PBXProject "textbook_search_engine" */;
			compatibilityVersion = "Xcode 3.2";
			developmentRegion = English;
			hasScannedForEncodings = 0;
			knownRegions = (
				en,
			);
			mainGroup = 60F31DFA1C1E483B00976713;
			productRefGroup = 60F31E041C1E483B00976713 /* Products */;
			projectDirPath = "";
			projectRoot = "";
			targets = (
				60F31E021C1E483B00976713 /* textbook_search_engine */,
			);
		};
/* End PBXProject section */

/* Begin PBXSourcesBuildPhase section */
		60F31DFF1C1E483B00976713 /* Sources */ = {
			isa = PBXSourcesBuildPhase;
			buildActionMask = 2147483647;
			files = (
				60F31E121C1E54B000976713 /* Toggle.cpp in Sources */,
				60F31E071C1E483B00976713 /* main.cpp in Sources */,
				60F31E0F1C1E48EC00976713 /* Toggles.cpp in Sources */,
			);
			runOnlyForDeploymentPostprocessing = 0;
		};
/* End PBXSourcesBuildPhase section */

/* Begin XCBuildConfiguration section */
		60F31E081C1E483B00976713 /* Debug */ = {
			isa = XCBuildConfiguration;
			buildSettings = {
				ALWAYS_SEARCH_USER_PATHS = NO;
				CLANG_CXX_LANGUAGE_STANDARD = "gnu++0x";
				CLANG_CXX_LIBRARY = "libc++";
				CLANG_ENABLE_MODULES = YES;
				CLANG_ENABLE_OBJC_ARC = YES;
				CLANG_WARN_BOOL_CONVERSION = YES;
				CLANG_WARN_CONSTANT_CONVERSION = YES;
				CLANG_WARN_DIRECT_OBJC_ISA_USAGE = YES_ERROR;
				CLANG_WARN_EMPTY_BODY = YES;
				CLANG_WARN_ENUM_CONVERSION = YES;
				CLANG_WARN_INT_CONVERSION = YES;
				CLANG_WARN_OBJC_ROOT_CLASS = YES_ERROR;
				CLANG_WARN_UNREACHABLE_CODE = YES;
				CLANG_WARN__DUPLICATE_METHOD_MATCH = YES;
				CODE_SIGN_IDENTITY = "-";
				COPY_PHASE_STRIP = NO;
				DEBUG_INFORMATION_FORMAT = dwarf;
				ENABLE_STRICT_OBJC_MSGSEND = YES;
				ENABLE_TESTABILITY = YES;
				GCC_C_LANGUAGE_STANDARD = gnu99;
				GCC_DYNAMIC_NO_PIC = NO;
				GCC_NO_COMMON_BLOCKS = YES;
				GCC_OPTIMIZATION_LEVEL = 0;
				GCC_PREPROCESSOR_DEFINITIONS = (
					"DEBUG=1",
					"$(inherited)",
				);
				GCC_WARN_64_TO_32_BIT_CONVERSION = YES;
				GCC_WARN_ABOUT_RETURN_TYPE = YES_ERROR;
				GCC_WARN_UNDECLARED_SELECTOR = YES;
				GCC_WARN_UNINITIALIZED_AUTOS = YES_AGGRESSIVE;
				GCC_WARN_UNUSED_FUNCTION = YES;
				GCC_WARN_UNUSED_VARIABLE = YES;
				MACOSX_DEPLOYMENT_TARGET = 10.11;
				MTL_ENABLE_DEBUG_INFO = YES;
				ONLY_ACTIVE_ARCH = YES;
				SDKROOT = macosx;
			};
			name = Debug;
		};
		60F31E091C1E483B00976713 /* Release */ = {
			isa = XCBuildConfiguration;
			buildSettings = {
				ALWAYS_SEARCH_USER_PATHS = NO;
				CLANG_CXX_LANGUAGE_STANDARD = "gnu++0x";
				CLANG_CXX_LIBRARY = "libc++";
				CLANG_ENABLE_MODULES = YES;
				CLANG_ENABLE_OBJC_ARC = YES;
				CLANG_WARN_BOOL_CONVERSION = YES;
				CLANG_WARN_CONSTANT_CONVERSION = YES;
				CLANG_WARN_DIRECT_OBJC_ISA_USAGE = YES_ERROR;
				CLANG_WARN_EMPTY_BODY = YES;
				CLANG_WARN_ENUM_CONVERSION = YES;
				CLANG_WARN_INT_CONVERSION = YES;
				CLANG_WARN_OBJC_ROOT_CLASS = YES_ERROR;
				CLANG_WARN_UNREACHABLE_CODE = YES;
				CLANG_WARN__DUPLICATE_METHOD_MATCH = YES;
				CODE_SIGN_IDENTITY = "-";
				COPY_PHASE_STRIP = NO;
				DEBUG_INFORMATION_FORMAT = "dwarf-with-dsym";
				ENABLE_NS_ASSERTIONS = NO;
				ENABLE_STRICT_OBJC_MSGSEND = YES;
				GCC_C_LANGUAGE_STANDARD = gnu99;
				GCC_NO_COMMON_BLOCKS = YES;
				GCC_WARN_64_TO_32_BIT_CONVERSION = YES;
				GCC_WARN_ABOUT_RETURN_TYPE = YES_ERROR;
				GCC_WARN_UNDECLARED_SELECTOR = YES;
				GCC_WARN_UNINITIALIZED_AUTOS = YES_AGGRESSIVE;
				GCC_WARN_UNUSED_FUNCTION = YES;
				GCC_WARN_UNUSED_VARIABLE = YES;
				MACOSX_DEPLOYMENT_TARGET = 10.11;
				MTL_ENABLE_DEBUG_INFO = NO;
				SDKROOT = macosx;
			};
			name = Release;
		};
		60F31E0B1C1E483B00976713 /* Debug */ = {
			isa = XCBuildConfiguration;
			buildSettings = {
				PRODUCT_NAME = "$(TARGET_NAME)";
			};
			name = Debug;
		};
		60F31E0C1C1E483B00976713 /* Release */ = {
			isa = XCBuildConfiguration;
			buildSettings = {
				PRODUCT_NAME = "$(TARGET_NAME)";
			};
			name = Release;
		};
/* End XCBuildConfiguration section */

/* Begin XCConfigurationList section */
		60F31DFE1C1E483B00976713 /* Build configuration list for PBXProject "textbook_search_engine" */ = {
			isa = XCConfigurationList;
			buildConfigurations = (
				60F31E081C1E483B00976713 /* Debug */,
				60F31E091C1E483B00976713 /* Release */,
			);
			defaultConfigurationIsVisible = 0;
			defaultConfigurationName = Release;
		};
		60F31E0A1C1E483B00976713 /* Build configuration list for PBXNativeTarget "textbook_search_engine" */ = {
			isa = XCConfigurationList;
			buildConfigurations = (
				60F31E0B1C1E483B00976713 /* Debug */,
				60F31E0C1C1E483B00976713 /* Release */,
			);
			defaultConfigurationIsVisible = 0;
		};
/* End XCConfigurationList section */
	};
	rootObject = 60F31DFB1C1E483B00976713 /* Project object */;
}
